Microsoft Visual Studio Solution File, Format Version 12.00
# Visual Studio Version 17
VisualStudioVersion = 17.5.2.0
MinimumVisualStudioVersion = 10.0.40219.1
Project("{FAE04EC0-301F-11D3-BF4B-00C04F79EFBC}") = "GigaChat.SemanticKernel", "GigaChat.SemanticKernel.csproj", "{FDE010E5-D325-1C9B-ED92-34E052F5175F}"
EndProject
Global
	GlobalSection(SolutionConfigurationPlatforms) = preSolution
		Debug|Any CPU = Debug|Any CPU
		Release|Any CPU = Release|Any CPU
	EndGlobalSection
	GlobalSection(ProjectConfigurationPlatforms) = postSolution
		{FDE010E5-D325-1C9B-ED92-34E052F5175F}.Debug|Any CPU.ActiveCfg = Debug|Any CPU
		{FDE010E5-D325-1C9B-ED92-34E052F5175F}.Debug|Any CPU.Build.0 = Debug|Any CPU
		{FDE010E5-D325-1C9B-ED92-34E052F5175F}.Release|Any CPU.ActiveCfg = Release|Any CPU
		{FDE010E5-D325-1C9B-ED92-34E052F5175F}.Release|Any CPU.Build.0 = Release|Any CPU
	EndGlobalSection
	GlobalSection(SolutionProperties) = preSolution
		HideSolutionNode = FALSE
	EndGlobalSection
	GlobalSection(ExtensibilityGlobals) = postSolution
		SolutionGuid = {9D8EB392-F793-44F2-AFF5-C21CBCBC8F2E}
	EndGlobalSection
EndGlobal
